
Microsoft Visual Studio Solution File, Format Version 12.00
# Visual Studio Version 17
VisualStudioVersion = 17.1.32228.430
MinimumVisualStudioVersion = 10.0.40219.1
Project("{FAE04EC0-301F-11D3-BF4B-00C04F79EFBC}") = "list_console", "list_console\list_console.csproj", "{5978B28E-E02D-49B6-A0BB-669EB944EFBB}"
EndProject
Global
	GlobalSection(SolutionConfigurationPlatforms) = preSolution
		Debug|Any CPU = Debug|Any CPU
		Release|Any CPU = Release|Any CPU
	EndGlobalSection
	GlobalSection(ProjectConfigurationPlatforms) = postSolution
		{5978B28E-E02D-49B6-A0BB-669EB944EFBB}.Debug|Any CPU.ActiveCfg = Debug|Any CPU
		{5978B28E-E02D-49B6-A0BB-669EB944EFBB}.Debug|Any CPU.Build.0 = Debug|Any CPU
		{5978B28E-E02D-49B6-A0BB-669EB944EFBB}.Release|Any CPU.ActiveCfg = Release|Any CPU
		{5978B28E-E02D-49B6-A0BB-669EB944EFBB}.Release|Any CPU.Build.0 = Release|Any CPU
	EndGlobalSection
	GlobalSection(SolutionProperties) = preSolution
		HideSolutionNode = FALSE
	EndGlobalSection
	GlobalSection(ExtensibilityGlobals) = postSolution
		SolutionGuid = {331FA1E9-39BB-420A-BA12-8AAC306B61F4}
	EndGlobalSection
EndGlobal
